
Microsoft Visual Studio Solution File, Format Version 12.00
Project("{FAE04EC0-301F-11D3-BF4B-00C04F79EFBC}") = "MinesweeperTest", "MinesweeperTest\MinesweeperTest.csproj", "{DF191DAB-B389-4E79-AFD7-FEB48443726B}"
EndProject
Global
	GlobalSection(SolutionConfigurationPlatforms) = preSolution
		Debug|Any CPU = Debug|Any CPU
		Release|Any CPU = Release|Any CPU
	EndGlobalSection
	GlobalSection(ProjectConfigurationPlatforms) = postSolution
		{DF191DAB-B389-4E79-AFD7-FEB48443726B}.Debug|Any CPU.ActiveCfg = Debug|Any CPU
		{DF191DAB-B389-4E79-AFD7-FEB48443726B}.Debug|Any CPU.Build.0 = Debug|Any CPU
		{DF191DAB-B389-4E79-AFD7-FEB48443726B}.Release|Any CPU.ActiveCfg = Release|Any CPU
		{DF191DAB-B389-4E79-AFD7-FEB48443726B}.Release|Any CPU.Build.0 = Release|Any CPU
	EndGlobalSection
EndGlobal
